
Microsoft Visual Studio Solution File, Format Version 12.00
# Visual Studio Version 17
VisualStudioVersion = 17.9.34723.18
MinimumVisualStudioVersion = 10.0.40219.1
Project("{FAE04EC0-301F-11D3-BF4B-00C04F79EFBC}") = "FigureArea", "FigureArea\FigureArea.csproj", "{B0BFFA07-DB76-4610-A06D-03E38C0816FE}"
EndProject
Project("{FAE04EC0-301F-11D3-BF4B-00C04F79EFBC}") = "FigureArea.Test", "FigureArea.Test\FigureArea.Test.csproj", "{5611B5F2-D9B0-48A5-8913-DFDC985282BE}"
EndProject
Global
	GlobalSection(SolutionConfigurationPlatforms) = preSolution
		Debug|Any CPU = Debug|Any CPU
		Release|Any CPU = Release|Any CPU
	EndGlobalSection
	GlobalSection(ProjectConfigurationPlatforms) = postSolution
		{B0BFFA07-DB76-4610-A06D-03E38C0816FE}.Debug|Any CPU.ActiveCfg = Debug|Any CPU
		{B0BFFA07-DB76-4610-A06D-03E38C0816FE}.Debug|Any CPU.Build.0 = Debug|Any CPU
		{B0BFFA07-DB76-4610-A06D-03E38C0816FE}.Release|Any CPU.ActiveCfg = Release|Any CPU
		{B0BFFA07-DB76-4610-A06D-03E38C0816FE}.Release|Any CPU.Build.0 = Release|Any CPU
		{5611B5F2-D9B0-48A5-8913-DFDC985282BE}.Debug|Any CPU.ActiveCfg = Debug|Any CPU
		{5611B5F2-D9B0-48A5-8913-DFDC985282BE}.Debug|Any CPU.Build.0 = Debug|Any CPU
		{5611B5F2-D9B0-48A5-8913-DFDC985282BE}.Release|Any CPU.ActiveCfg = Release|Any CPU
		{5611B5F2-D9B0-48A5-8913-DFDC985282BE}.Release|Any CPU.Build.0 = Release|Any CPU
	EndGlobalSection
	GlobalSection(SolutionProperties) = preSolution
		HideSolutionNode = FALSE
	EndGlobalSection
	GlobalSection(ExtensibilityGlobals) = postSolution
		SolutionGuid = {4639307B-5CCF-4786-8ACB-97F232F87239}
	EndGlobalSection
EndGlobal
